// !$*UTF8*$!
{
	archiveVersion = 1;
	classes = {
	};
	objectVersion = 50;
	objects = {

/* Begin PBXBuildFile section */
		2AD7F5DB24F6546C0031C0C9 /* AppDelegate.swift in Sources */ = {isa = PBXBuildFile; fileRef = 2AD7F5DA24F6546C0031C0C9 /* AppDelegate.swift */; };
		2AD7F5DD24F6546C0031C0C9 /* art.scnassets in Resources */ = {isa = PBXBuildFile; fileRef = 2AD7F5DC24F6546C0031C0C9 /* art.scnassets */; };
		2AD7F5DF24F6546C0031C0C9 /* ViewController.swift in Sources */ = {isa = PBXBuildFile; fileRef = 2AD7F5DE24F6546C0031C0C9 /* ViewController.swift */; };
		2AD7F5E224F6546C0031C0C9 /* Main.storyboard in Resources */ = {isa = PBXBuildFile; fileRef = 2AD7F5E024F6546C0031C0C9 /* Main.storyboard */; };
		2AD7F5E424F6546D0031C0C9 /* Assets.xcassets in Resources */ = {isa = PBXBuildFile; fileRef = 2AD7F5E324F6546D0031C0C9 /* Assets.xcassets */; };
		2AD7F5E724F6546D0031C0C9 /* LaunchScreen.storyboard in Resources */ = {isa = PBXBuildFile; fileRef = 2AD7F5E524F6546D0031C0C9 /* LaunchScreen.storyboard */; };
		2AD7F5F224F6546D0031C0C9 /* _A_2SceneKit_PrimitivesTests.swift in Sources */ = {isa = PBXBuildFile; fileRef = 2AD7F5F124F6546D0031C0C9 /* _A_2SceneKit_PrimitivesTests.swift */; };
		2AD7F5FD24F6546D0031C0C9 /* _A_2SceneKit_PrimitivesUITests.swift in Sources */ = {isa = PBXBuildFile; fileRef = 2AD7F5FC24F6546D0031C0C9 /* _A_2SceneKit_PrimitivesUITests.swift */; };
/* End PBXBuildFile section */

/* Begin PBXContainerItemProxy section */
		2AD7F5EE24F6546D0031C0C9 /* PBXContainerItemProxy */ = {
			isa = PBXContainerItemProxy;
			containerPortal = 2AD7F5CF24F6546B0031C0C9 /* Project object */;
			proxyType = 1;
			remoteGlobalIDString = 2AD7F5D624F6546B0031C0C9;
			remoteInfo = "3A.2SceneKit-Primitives";
		};
		2AD7F5F924F6546D0031C0C9 /* PBXContainerItemProxy */ = {
			isa = PBXContainerItemProxy;
			containerPortal = 2AD7F5CF24F6546B0031C0C9 /* Project object */;
			proxyType = 1;
			remoteGlobalIDString = 2AD7F5D624F6546B0031C0C9;
			remoteInfo = "3A.2SceneKit-Primitives";
		};
/* End PBXContainerItemProxy section */

/* Begin PBXFileReference section */
		2AD7F5D724F6546C0031C0C9 /* 3A.2SceneKit-Primitives.app */ = {isa = PBXFileReference; explicitFileType = wrapper.application; includeInIndex = 0; path = "3A.2SceneKit-Primitives.app"; sourceTree = BUILT_PRODUCTS_DIR; };
		2AD7F5DA24F6546C0031C0C9 /* AppDelegate.swift */ = {isa = PBXFileReference; lastKnownFileType = sourcecode.swift; path = AppDelegate.swift; sourceTree = "<group>"; };
		2AD7F5DC24F6546C0031C0C9 /* art.scnassets */ = {isa = PBXFileReference; lastKnownFileType = wrapper.scnassets; path = art.scnassets; sourceTree = "<group>"; };
		2AD7F5DE24F6546C0031C0C9 /* ViewController.swift */ = {isa = PBXFileReference; lastKnownFileType = sourcecode.swift; path = ViewController.swift; sourceTree = "<group>"; };
		2AD7F5E124F6546C0031C0C9 /* Base */ = {isa = PBXFileReference; lastKnownFileType = file.storyboard; name = Base; path = Base.lproj/Main.storyboard; sourceTree = "<group>"; };
		2AD7F5E324F6546D0031C0C9 /* Assets.xcassets */ = {isa = PBXFileReference; lastKnownFileType = folder.assetcatalog; path = Assets.xcassets; sourceTree = "<group>"; };
		2AD7F5E624F6546D0031C0C9 /* Base */ = {isa = PBXFileReference; lastKnownFileType = file.storyboard; name = Base; path = Base.lproj/LaunchScreen.storyboard; sourceTree = "<group>"; };
		2AD7F5E824F6546D0031C0C9 /* Info.plist */ = {isa = PBXFileReference; lastKnownFileType = text.plist.xml; path = Info.plist; sourceTree = "<group>"; };
		2AD7F5ED24F6546D0031C0C9 /* 3A.2SceneKit-PrimitivesTests.xctest */ = {isa = PBXFileReference; explicitFileType = wrapper.cfbundle; includeInIndex = 0; path = "3A.2SceneKit-PrimitivesTests.xctest"; sourceTree = BUILT_PRODUCTS_DIR; };
		2AD7F5F124F6546D0031C0C9 /* _A_2SceneKit_PrimitivesTests.swift */ = {isa = PBXFileReference; lastKnownFileType = sourcecode.swift; path = _A_2SceneKit_PrimitivesTests.swift; sourceTree = "<group>"; };
		2AD7F5F324F6546D0031C0C9 /* Info.plist */ = {isa = PBXFileReference; lastKnownFileType = text.plist.xml; path = Info.plist; sourceTree = "<group>"; };
		2AD7F5F824F6546D0031C0C9 /* 3A.2SceneKit-PrimitivesUITests.xctest */ = {isa = PBXFileReference; explicitFileType = wrapper.cfbundle; includeInIndex = 0; path = "3A.2SceneKit-PrimitivesUITests.xctest"; sourceTree = BUILT_PRODUCTS_DIR; };
		2AD7F5FC24F6546D0031C0C9 /* _A_2SceneKit_PrimitivesUITests.swift */ = {isa = PBXFileReference; lastKnownFileType = sourcecode.swift; path = _A_2SceneKit_PrimitivesUITests.swift; sourceTree = "<group>"; };
		2AD7F5FE24F6546D0031C0C9 /* Info.plist */ = {isa = PBXFileReference; lastKnownFileType = text.plist.xml; path = Info.plist; sourceTree = "<group>"; };
/* End PBXFileReference section */

/* Begin PBXFrameworksBuildPhase section */
		2AD7F5D424F6546B0031C0C9 /* Frameworks */ = {
			isa = PBXFrameworksBuildPhase;
			buildActionMask = 2147483647;
			files = (
			);
			runOnlyForDeploymentPostprocessing = 0;
		};
		2AD7F5EA24F6546D0031C0C9 /* Frameworks */ = {
			isa = PBXFrameworksBuildPhase;
			buildActionMask = 2147483647;
			files = (
			);
			runOnlyForDeploymentPostprocessing = 0;
		};
		2AD7F5F524F6546D0031C0C9 /* Frameworks */ = {
			isa = PBXFrameworksBuildPhase;
			buildActionMask = 2147483647;
			files = (
			);
			runOnlyForDeploymentPostprocessing = 0;
		};
/* End PBXFrameworksBuildPhase section */

/* Begin PBXGroup section */
		2AD7F5CE24F6546B0031C0C9 = {
			isa = PBXGroup;
			children = (
				2AD7F5D924F6546C0031C0C9 /* 3A.2SceneKit-Primitives */,
				2AD7F5F024F6546D0031C0C9 /* 3A.2SceneKit-PrimitivesTests */,
				2AD7F5FB24F6546D0031C0C9 /* 3A.2SceneKit-PrimitivesUITests */,
				2AD7F5D824F6546C0031C0C9 /* Products */,
			);
			sourceTree = "<group>";
		};
		2AD7F5D824F6546C0031C0C9 /* Products */ = {
			isa = PBXGroup;
			children = (
				2AD7F5D724F6546C0031C0C9 /* 3A.2SceneKit-Primitives.app */,
				2AD7F5ED24F6546D0031C0C9 /* 3A.2SceneKit-PrimitivesTests.xctest */,
				2AD7F5F824F6546D0031C0C9 /* 3A.2SceneKit-PrimitivesUITests.xctest */,
			);
			name = Products;
			sourceTree = "<group>";
		};
		2AD7F5D924F6546C0031C0C9 /* 3A.2SceneKit-Primitives */ = {
			isa = PBXGroup;
			children = (
				2AD7F5DA24F6546C0031C0C9 /* AppDelegate.swift */,
				2AD7F5DC24F6546C0031C0C9 /* art.scnassets */,
				2AD7F5DE24F6546C0031C0C9 /* ViewController.swift */,
				2AD7F5E024F6546C0031C0C9 /* Main.storyboard */,
				2AD7F5E324F6546D0031C0C9 /* Assets.xcassets */,
				2AD7F5E524F6546D0031C0C9 /* LaunchScreen.storyboard */,
				2AD7F5E824F6546D0031C0C9 /* Info.plist */,
			);
			path = "3A.2SceneKit-Primitives";
			sourceTree = "<group>";
		};
		2AD7F5F024F6546D0031C0C9 /* 3A.2SceneKit-PrimitivesTests */ = {
			isa = PBXGroup;
			children = (
				2AD7F5F124F6546D0031C0C9 /* _A_2SceneKit_PrimitivesTests.swift */,
				2AD7F5F324F6546D0031C0C9 /* Info.plist */,
			);
			path = "3A.2SceneKit-PrimitivesTests";
			sourceTree = "<group>";
		};
		2AD7F5FB24F6546D0031C0C9 /* 3A.2SceneKit-PrimitivesUITests */ = {
			isa = PBXGroup;
			children = (
				2AD7F5FC24F6546D0031C0C9 /* _A_2SceneKit_PrimitivesUITests.swift */,
				2AD7F5FE24F6546D0031C0C9 /* Info.plist */,
			);
			path = "3A.2SceneKit-PrimitivesUITests";
			sourceTree = "<group>";
		};
/* End PBXGroup section */

/* Begin PBXNativeTarget section */
		2AD7F5D624F6546B0031C0C9 /* 3A.2SceneKit-Primitives */ = {
			isa = PBXNativeTarget;
			buildConfigurationList = 2AD7F60124F6546D0031C0C9 /* Build configuration list for PBXNativeTarget "3A.2SceneKit-Primitives" */;
			buildPhases = (
				2AD7F5D324F6546B0031C0C9 /* Sources */,
				2AD7F5D424F6546B0031C0C9 /* Frameworks */,
				2AD7F5D524F6546B0031C0C9 /* Resources */,
			);
			buildRules = (
			);
			dependencies = (
			);
			name = "3A.2SceneKit-Primitives";
			productName = "3A.2SceneKit-Primitives";
			productReference = 2AD7F5D724F6546C0031C0C9 /* 3A.2SceneKit-Primitives.app */;
			productType = "com.apple.product-type.application";
		};
		2AD7F5EC24F6546D0031C0C9 /* 3A.2SceneKit-PrimitivesTests */ = {
			isa = PBXNativeTarget;
			buildConfigurationList = 2AD7F60424F6546D0031C0C9 /* Build configuration list for PBXNativeTarget "3A.2SceneKit-PrimitivesTests" */;
			buildPhases = (
				2AD7F5E924F6546D0031C0C9 /* Sources */,
				2AD7F5EA24F6546D0031C0C9 /* Frameworks */,
				2AD7F5EB24F6546D0031C0C9 /* Resources */,
			);
			buildRules = (
			);
			dependencies = (
				2AD7F5EF24F6546D0031C0C9 /* PBXTargetDependency */,
			);
			name = "3A.2SceneKit-PrimitivesTests";
			productName = "3A.2SceneKit-PrimitivesTests";
			productReference = 2AD7F5ED24F6546D0031C0C9 /* 3A.2SceneKit-PrimitivesTests.xctest */;
			productType = "com.apple.product-type.bundle.unit-test";
		};
		2AD7F5F724F6546D0031C0C9 /* 3A.2SceneKit-PrimitivesUITests */ = {
			isa = PBXNativeTarget;
			buildConfigurationList = 2AD7F60724F6546D0031C0C9 /* Build configuration list for PBXNativeTarget "3A.2SceneKit-PrimitivesUITests" */;
			buildPhases = (
				2AD7F5F424F6546D0031C0C9 /* Sources */,
				2AD7F5F524F6546D0031C0C9 /* Frameworks */,
				2AD7F5F624F6546D0031C0C9 /* Resources */,
			);
			buildRules = (
			);
			dependencies = (
				2AD7F5FA24F6546D0031C0C9 /* PBXTargetDependency */,
			);
			name = "3A.2SceneKit-PrimitivesUITests";
			productName = "3A.2SceneKit-PrimitivesUITests";
			productReference = 2AD7F5F824F6546D0031C0C9 /* 3A.2SceneKit-PrimitivesUITests.xctest */;
			productType = "com.apple.product-type.bundle.ui-testing";
		};
/* End PBXNativeTarget section */

/* Begin PBXProject section */
		2AD7F5CF24F6546B0031C0C9 /* Project object */ = {
			isa = PBXProject;
			attributes = {
				LastSwiftUpdateCheck = 1160;
				LastUpgradeCheck = 1160;
				ORGANIZATIONNAME = "Sophie Kim";
				TargetAttributes = {
					2AD7F5D624F6546B0031C0C9 = {
						CreatedOnToolsVersion = 11.6;
					};
					2AD7F5EC24F6546D0031C0C9 = {
						CreatedOnToolsVersion = 11.6;
						TestTargetID = 2AD7F5D624F6546B0031C0C9;
					};
					2AD7F5F724F6546D0031C0C9 = {
						CreatedOnToolsVersion = 11.6;
						TestTargetID = 2AD7F5D624F6546B0031C0C9;
					};
				};
			};
			buildConfigurationList = 2AD7F5D224F6546B0031C0C9 /* Build configuration list for PBXProject "3A.2SceneKit-Primitives" */;
			compatibilityVersion = "Xcode 9.3";
			developmentRegion = en;
			hasScannedForEncodings = 0;
			knownRegions = (
				en,
				Base,
			);
			mainGroup = 2AD7F5CE24F6546B0031C0C9;
			productRefGroup = 2AD7F5D824F6546C0031C0C9 /* Products */;
			projectDirPath = "";
			projectRoot = "";
			targets = (
				2AD7F5D624F6546B0031C0C9 /* 3A.2SceneKit-Primitives */,
				2AD7F5EC24F6546D0031C0C9 /* 3A.2SceneKit-PrimitivesTests */,
				2AD7F5F724F6546D0031C0C9 /* 3A.2SceneKit-PrimitivesUITests */,
			);
		};
/* End PBXProject section */

/* Begin PBXResourcesBuildPhase section */
		2AD7F5D524F6546B0031C0C9 /* Resources */ = {
			isa = PBXResourcesBuildPhase;
			buildActionMask = 2147483647;
			files = (
				2AD7F5DD24F6546C0031C0C9 /* art.scnassets in Resources */,
				2AD7F5E724F6546D0031C0C9 /* LaunchScreen.storyboard in Resources */,
				2AD7F5E424F6546D0031C0C9 /* Assets.xcassets in Resources */,
				2AD7F5E224F6546C0031C0C9 /* Main.storyboard in Resources */,
			);
			runOnlyForDeploymentPostprocessing = 0;
		};
		2AD7F5EB24F6546D0031C0C9 /* Resources */ = {
			isa = PBXResourcesBuildPhase;
			buildActionMask = 2147483647;
			files = (
			);
			runOnlyForDeploymentPostprocessing = 0;
		};
		2AD7F5F624F6546D0031C0C9 /* Resources */ = {
			isa = PBXResourcesBuildPhase;
			buildActionMask = 2147483647;
			files = (
			);
			runOnlyForDeploymentPostprocessing = 0;
		};
/* End PBXResourcesBuildPhase section */

/* Begin PBXSourcesBuildPhase section */
		2AD7F5D324F6546B0031C0C9 /* Sources */ = {
			isa = PBXSourcesBuildPhase;
			buildActionMask = 2147483647;
			files = (
				2AD7F5DF24F6546C0031C0C9 /* ViewController.swift in Sources */,
				2AD7F5DB24F6546C0031C0C9 /* AppDelegate.swift in Sources */,
			);
			runOnlyForDeploymentPostprocessing = 0;
		};
		2AD7F5E924F6546D0031C0C9 /* Sources */ = {
			isa = PBXSourcesBuildPhase;
			buildActionMask = 2147483647;
			files = (
				2AD7F5F224F6546D0031C0C9 /* _A_2SceneKit_PrimitivesTests.swift in Sources */,
			);
			runOnlyForDeploymentPostprocessing = 0;
		};
		2AD7F5F424F6546D0031C0C9 /* Sources */ = {
			isa = PBXSourcesBuildPhase;
			buildActionMask = 2147483647;
			files = (
				2AD7F5FD24F6546D0031C0C9 /* _A_2SceneKit_PrimitivesUITests.swift in Sources */,
			);
			runOnlyForDeploymentPostprocessing = 0;
		};
/* End PBXSourcesBuildPhase section */

/* Begin PBXTargetDependency section */
		2AD7F5EF24F6546D0031C0C9 /* PBXTargetDependency */ = {
			isa = PBXTargetDependency;
			target = 2AD7F5D624F6546B0031C0C9 /* 3A.2SceneKit-Primitives */;
			targetProxy = 2AD7F5EE24F6546D0031C0C9 /* PBXContainerItemProxy */;
		};
		2AD7F5FA24F6546D0031C0C9 /* PBXTargetDependency */ = {
			isa = PBXTargetDependency;
			target = 2AD7F5D624F6546B0031C0C9 /* 3A.2SceneKit-Primitives */;
			targetProxy = 2AD7F5F924F6546D0031C0C9 /* PBXContainerItemProxy */;
		};
/* End PBXTargetDependency section */

/* Begin PBXVariantGroup section */
		2AD7F5E024F6546C0031C0C9 /* Main.storyboard */ = {
			isa = PBXVariantGroup;
			children = (
				2AD7F5E124F6546C0031C0C9 /* Base */,
			);
			name = Main.storyboard;
			sourceTree = "<group>";
		};
		2AD7F5E524F6546D0031C0C9 /* LaunchScreen.storyboard */ = {
			isa = PBXVariantGroup;
			children = (
				2AD7F5E624F6546D0031C0C9 /* Base */,
			);
			name = LaunchScreen.storyboard;
			sourceTree = "<group>";
		};
/* End PBXVariantGroup section */

/* Begin XCBuildConfiguration section */
		2AD7F5FF24F6546D0031C0C9 /* Debug */ = {
			isa = XCBuildConfiguration;
			buildSettings = {
				ALWAYS_SEARCH_USER_PATHS = NO;
				CLANG_ANALYZER_NONNULL = YES;
				CLANG_ANALYZER_NUMBER_OBJECT_CONVERSION = YES_AGGRESSIVE;
				CLANG_CXX_LANGUAGE_STANDARD = "gnu++14";
				CLANG_CXX_LIBRARY = "libc++";
				CLANG_ENABLE_MODULES = YES;
				CLANG_ENABLE_OBJC_ARC = YES;
				CLANG_ENABLE_OBJC_WEAK = YES;
				CLANG_WARN_BLOCK_CAPTURE_AUTORELEASING = YES;
				CLANG_WARN_BOOL_CONVERSION = YES;
				CLANG_WARN_COMMA = YES;
				CLANG_WARN_CONSTANT_CONVERSION = YES;
				CLANG_WARN_DEPRECATED_OBJC_IMPLEMENTATIONS = YES;
				CLANG_WARN_DIRECT_OBJC_ISA_USAGE = YES_ERROR;
				CLANG_WARN_DOCUMENTATION_COMMENTS = YES;
				CLANG_WARN_EMPTY_BODY = YES;
				CLANG_WARN_ENUM_CONVERSION = YES;
				CLANG_WARN_INFINITE_RECURSION = YES;
				CLANG_WARN_INT_CONVERSION = YES;
				CLANG_WARN_NON_LITERAL_NULL_CONVERSION = YES;
				CLANG_WARN_OBJC_IMPLICIT_RETAIN_SELF = YES;
				CLANG_WARN_OBJC_LITERAL_CONVERSION = YES;
				CLANG_WARN_OBJC_ROOT_CLASS = YES_ERROR;
				CLANG_WARN_RANGE_LOOP_ANALYSIS = YES;
				CLANG_WARN_STRICT_PROTOTYPES = YES;
				CLANG_WARN_SUSPICIOUS_MOVE = YES;
				CLANG_WARN_UNGUARDED_AVAILABILITY = YES_AGGRESSIVE;
				CLANG_WARN_UNREACHABLE_CODE = YES;
				CLANG_WARN__DUPLICATE_METHOD_MATCH = YES;
				COPY_PHASE_STRIP = NO;
				DEBUG_INFORMATION_FORMAT = dwarf;
				ENABLE_STRICT_OBJC_MSGSEND = YES;
				ENABLE_TESTABILITY = YES;
				GCC_C_LANGUAGE_STANDARD = gnu11;
				GCC_DYNAMIC_NO_PIC = NO;
				GCC_NO_COMMON_BLOCKS = YES;
				GCC_OPTIMIZATION_LEVEL = 0;
				GCC_PREPROCESSOR_DEFINITIONS = (
					"DEBUG=1",
					"$(inherited)",
				);
				GCC_WARN_64_TO_32_BIT_CONVERSION = YES;
				GCC_WARN_ABOUT_RETURN_TYPE = YES_ERROR;
				GCC_WARN_UNDECLARED_SELECTOR = YES;
				GCC_WARN_UNINITIALIZED_AUTOS = YES_AGGRESSIVE;
				GCC_WARN_UNUSED_FUNCTION = YES;
				GCC_WARN_UNUSED_VARIABLE = YES;
				IPHONEOS_DEPLOYMENT_TARGET = 13.6;
				MTL_ENABLE_DEBUG_INFO = INCLUDE_SOURCE;
				MTL_FAST_MATH = YES;
				ONLY_ACTIVE_ARCH = YES;
				SDKROOT = iphoneos;
				SWIFT_ACTIVE_COMPILATION_CONDITIONS = DEBUG;
				SWIFT_OPTIMIZATION_LEVEL = "-Onone";
			};
			name = Debug;
		};
		2AD7F60024F6546D0031C0C9 /* Release */ = {
			isa = XCBuildConfiguration;
			buildSettings = {
				ALWAYS_SEARCH_USER_PATHS = NO;
				CLANG_ANALYZER_NONNULL = YES;
				CLANG_ANALYZER_NUMBER_OBJECT_CONVERSION = YES_AGGRESSIVE;
				CLANG_CXX_LANGUAGE_STANDARD = "gnu++14";
				CLANG_CXX_LIBRARY = "libc++";
				CLANG_ENABLE_MODULES = YES;
				CLANG_ENABLE_OBJC_ARC = YES;
				CLANG_ENABLE_OBJC_WEAK = YES;
				CLANG_WARN_BLOCK_CAPTURE_AUTORELEASING = YES;
				CLANG_WARN_BOOL_CONVERSION = YES;
				CLANG_WARN_COMMA = YES;
				CLANG_WARN_CONSTANT_CONVERSION = YES;
				CLANG_WARN_DEPRECATED_OBJC_IMPLEMENTATIONS = YES;
				CLANG_WARN_DIRECT_OBJC_ISA_USAGE = YES_ERROR;
				CLANG_WARN_DOCUMENTATION_COMMENTS = YES;
				CLANG_WARN_EMPTY_BODY = YES;
				CLANG_WARN_ENUM_CONVERSION = YES;
				CLANG_WARN_INFINITE_RECURSION = YES;
				CLANG_WARN_INT_CONVERSION = YES;
				CLANG_WARN_NON_LITERAL_NULL_CONVERSION = YES;
				CLANG_WARN_OBJC_IMPLICIT_RETAIN_SELF = YES;
				CLANG_WARN_OBJC_LITERAL_CONVERSION = YES;
				CLANG_WARN_OBJC_ROOT_CLASS = YES_ERROR;
				CLANG_WARN_RANGE_LOOP_ANALYSIS = YES;
				CLANG_WARN_STRICT_PROTOTYPES = YES;
				CLANG_WARN_SUSPICIOUS_MOVE = YES;
				CLANG_WARN_UNGUARDED_AVAILABILITY = YES_AGGRESSIVE;
				CLANG_WARN_UNREACHABLE_CODE = YES;
				CLANG_WARN__DUPLICATE_METHOD_MATCH = YES;
				COPY_PHASE_STRIP = NO;
				DEBUG_INFORMATION_FORMAT = "dwarf-with-dsym";
				ENABLE_NS_ASSERTIONS = NO;
				ENABLE_STRICT_OBJC_MSGSEND = YES;
				GCC_C_LANGUAGE_STANDARD = gnu11;
				GCC_NO_COMMON_BLOCKS = YES;
				GCC_WARN_64_TO_32_BIT_CONVERSION = YES;
				GCC_WARN_ABOUT_RETURN_TYPE = YES_ERROR;
				GCC_WARN_UNDECLARED_SELECTOR = YES;
				GCC_WARN_UNINITIALIZED_AUTOS = YES_AGGRESSIVE;
				GCC_WARN_UNUSED_FUNCTION = YES;
				GCC_WARN_UNUSED_VARIABLE = YES;
				IPHONEOS_DEPLOYMENT_TARGET = 13.6;
				MTL_ENABLE_DEBUG_INFO = NO;
				MTL_FAST_MATH = YES;
				SDKROOT = iphoneos;
				SWIFT_COMPILATION_MODE = wholemodule;
				SWIFT_OPTIMIZATION_LEVEL = "-O";
				VALIDATE_PRODUCT = YES;
			};
			name = Release;
		};
		2AD7F60224F6546D0031C0C9 /* Debug */ = {
			isa = XCBuildConfiguration;
			buildSettings = {
				ASSETCATALOG_COMPILER_APPICON_NAME = AppIcon;
				CODE_SIGN_STYLE = Automatic;
				DEVELOPMENT_TEAM = 74DA9KB98N;
				INFOPLIST_FILE = "3A.2SceneKit-Primitives/Info.plist";
				LD_RUNPATH_SEARCH_PATHS = (
					"$(inherited)",
					"@executable_path/Frameworks",
				);
				PRODUCT_BUNDLE_IDENTIFIER = "com.sophiekim.-A-2SceneKit-Primitives";
				PRODUCT_NAME = "$(TARGET_NAME)";
				SWIFT_VERSION = 5.0;
				TARGETED_DEVICE_FAMILY = "1,2";
			};
			name = Debug;
		};
		2AD7F60324F6546D0031C0C9 /* Release */ = {
			isa = XCBuildConfiguration;
			buildSettings = {
				ASSETCATALOG_COMPILER_APPICON_NAME = AppIcon;
				CODE_SIGN_STYLE = Automatic;
				DEVELOPMENT_TEAM = 74DA9KB98N;
				INFOPLIST_FILE = "3A.2SceneKit-Primitives/Info.plist";
				LD_RUNPATH_SEARCH_PATHS = (
					"$(inherited)",
					"@executable_path/Frameworks",
				);
				PRODUCT_BUNDLE_IDENTIFIER = "com.sophiekim.-A-2SceneKit-Primitives";
				PRODUCT_NAME = "$(TARGET_NAME)";
				SWIFT_VERSION = 5.0;
				TARGETED_DEVICE_FAMILY = "1,2";
			};
			name = Release;
		};
		2AD7F60524F6546D0031C0C9 /* Debug */ = {
			isa = XCBuildConfiguration;
			buildSettings = {
				ALWAYS_EMBED_SWIFT_STANDARD_LIBRARIES = YES;
				BUNDLE_LOADER = "$(TEST_HOST)";
				CODE_SIGN_STYLE = Automatic;
				DEVELOPMENT_TEAM = 74DA9KB98N;
				INFOPLIST_FILE = "3A.2SceneKit-PrimitivesTests/Info.plist";
				IPHONEOS_DEPLOYMENT_TARGET = 13.6;
				LD_RUNPATH_SEARCH_PATHS = (
					"$(inherited)",
					"@executable_path/Frameworks",
					"@loader_path/Frameworks",
				);
				PRODUCT_BUNDLE_IDENTIFIER = "com.sophiekim.-A-2SceneKit-PrimitivesTests";
				PRODUCT_NAME = "$(TARGET_NAME)";
				SWIFT_VERSION = 5.0;
				TARGETED_DEVICE_FAMILY = "1,2";
				TEST_HOST = "$(BUILT_PRODUCTS_DIR)/3A.2SceneKit-Primitives.app/3A.2SceneKit-Primitives";
			};
			name = Debug;
		};
		2AD7F60624F6546D0031C0C9 /* Release */ = {
			isa = XCBuildConfiguration;
			buildSettings = {
				ALWAYS_EMBED_SWIFT_STANDARD_LIBRARIES = YES;
				BUNDLE_LOADER = "$(TEST_HOST)";
				CODE_SIGN_STYLE = Automatic;
				DEVELOPMENT_TEAM = 74DA9KB98N;
				INFOPLIST_FILE = "3A.2SceneKit-PrimitivesTests/Info.plist";
				IPHONEOS_DEPLOYMENT_TARGET = 13.6;
				LD_RUNPATH_SEARCH_PATHS = (
					"$(inherited)",
					"@executable_path/Frameworks",
					"@loader_path/Frameworks",
				);
				PRODUCT_BUNDLE_IDENTIFIER = "com.sophiekim.-A-2SceneKit-PrimitivesTests";
				PRODUCT_NAME = "$(TARGET_NAME)";
				SWIFT_VERSION = 5.0;
				TARGETED_DEVICE_FAMILY = "1,2";
				TEST_HOST = "$(BUILT_PRODUCTS_DIR)/3A.2SceneKit-Primitives.app/3A.2SceneKit-Primitives";
			};
			name = Release;
		};
		2AD7F60824F6546D0031C0C9 /* Debug */ = {
			isa = XCBuildConfiguration;
			buildSettings = {
				ALWAYS_EMBED_SWIFT_STANDARD_LIBRARIES = YES;
				CODE_SIGN_STYLE = Automatic;
				DEVELOPMENT_TEAM = 74DA9KB98N;
				INFOPLIST_FILE = "3A.2SceneKit-PrimitivesUITests/Info.plist";
				LD_RUNPATH_SEARCH_PATHS = (
					"$(inherited)",
					"@executable_path/Frameworks",
					"@loader_path/Frameworks",
				);
				PRODUCT_BUNDLE_IDENTIFIER = "com.sophiekim.-A-2SceneKit-PrimitivesUITests";
				PRODUCT_NAME = "$(TARGET_NAME)";
				SWIFT_VERSION = 5.0;
				TARGETED_DEVICE_FAMILY = "1,2";
				TEST_TARGET_NAME = "3A.2SceneKit-Primitives";
			};
			name = Debug;
		};
		2AD7F60924F6546D0031C0C9 /* Release */ = {
			isa = XCBuildConfiguration;
			buildSettings = {
				ALWAYS_EMBED_SWIFT_STANDARD_LIBRARIES = YES;
				CODE_SIGN_STYLE = Automatic;
				DEVELOPMENT_TEAM = 74DA9KB98N;
				INFOPLIST_FILE = "3A.2SceneKit-PrimitivesUITests/Info.plist";
				LD_RUNPATH_SEARCH_PATHS = (
					"$(inherited)",
					"@executable_path/Frameworks",
					"@loader_path/Frameworks",
				);
				PRODUCT_BUNDLE_IDENTIFIER = "com.sophiekim.-A-2SceneKit-PrimitivesUITests";
				PRODUCT_NAME = "$(TARGET_NAME)";
				SWIFT_VERSION = 5.0;
				TARGETED_DEVICE_FAMILY = "1,2";
				TEST_TARGET_NAME = "3A.2SceneKit-Primitives";
			};
			name = Release;
		};
/* End XCBuildConfiguration section */

/* Begin XCConfigurationList section */
		2AD7F5D224F6546B0031C0C9 /* Build configuration list for PBXProject "3A.2SceneKit-Primitives" */ = {
			isa = XCConfigurationList;
			buildConfigurations = (
				2AD7F5FF24F6546D0031C0C9 /* Debug */,
				2AD7F60024F6546D0031C0C9 /* Release */,
			);
			defaultConfigurationIsVisible = 0;
			defaultConfigurationName = Release;
		};
		2AD7F60124F6546D0031C0C9 /* Build configuration list for PBXNativeTarget "3A.2SceneKit-Primitives" */ = {
			isa = XCConfigurationList;
			buildConfigurations = (
				2AD7F60224F6546D0031C0C9 /* Debug */,
				2AD7F60324F6546D0031C0C9 /* Release */,
			);
			defaultConfigurationIsVisible = 0;
			defaultConfigurationName = Release;
		};
		2AD7F60424F6546D0031C0C9 /* Build configuration list for PBXNativeTarget "3A.2SceneKit-PrimitivesTests" */ = {
			isa = XCConfigurationList;
			buildConfigurations = (
				2AD7F60524F6546D0031C0C9 /* Debug */,
				2AD7F60624F6546D0031C0C9 /* Release */,
			);
			defaultConfigurationIsVisible = 0;
			defaultConfigurationName = Release;
		};
		2AD7F60724F6546D0031C0C9 /* Build configuration list for PBXNativeTarget "3A.2SceneKit-PrimitivesUITests" */ = {
			isa = XCConfigurationList;
			buildConfigurations = (
				2AD7F60824F6546D0031C0C9 /* Debug */,
				2AD7F60924F6546D0031C0C9 /* Release */,
			);
			defaultConfigurationIsVisible = 0;
			defaultConfigurationName = Release;
		};
/* End XCConfigurationList section */
	};
	rootObject = 2AD7F5CF24F6546B0031C0C9 /* Project object */;
}
